
Microsoft Visual Studio Solution File, Format Version 12.00
# Visual Studio Version 17
VisualStudioVersion = 17.4.33103.184
MinimumVisualStudioVersion = 10.0.40219.1
Project("{FAE04EC0-301F-11D3-BF4B-00C04F79EFBC}") = "Pizzamizzadark", "Pizzamizzadark.csproj", "{A87FBCAD-0D8B-40AA-8BFC-82DF8C6E3589}"
EndProject
Global
	GlobalSection(SolutionConfigurationPlatforms) = preSolution
		Debug|Any CPU = Debug|Any CPU
		Release|Any CPU = Release|Any CPU
	EndGlobalSection
	GlobalSection(ProjectConfigurationPlatforms) = postSolution
		{A87FBCAD-0D8B-40AA-8BFC-82DF8C6E3589}.Debug|Any CPU.ActiveCfg = Debug|Any CPU
		{A87FBCAD-0D8B-40AA-8BFC-82DF8C6E3589}.Debug|Any CPU.Build.0 = Debug|Any CPU
		{A87FBCAD-0D8B-40AA-8BFC-82DF8C6E3589}.Release|Any CPU.ActiveCfg = Release|Any CPU
		{A87FBCAD-0D8B-40AA-8BFC-82DF8C6E3589}.Release|Any CPU.Build.0 = Release|Any CPU
	EndGlobalSection
	GlobalSection(SolutionProperties) = preSolution
		HideSolutionNode = FALSE
	EndGlobalSection
	GlobalSection(ExtensibilityGlobals) = postSolution
		SolutionGuid = {F53520EE-5C92-4529-8D5D-D9ADFF96026C}
	EndGlobalSection
EndGlobal
